
Microsoft Visual Studio Solution File, Format Version 12.00
# Visual Studio 2012
Project("{FAE04EC0-301F-11D3-BF4B-00C04F79EFBC}") = "Entidades - Clase 14", "Entidades - Clase 14\Entidades - Clase 14.csproj", "{20D391F2-E745-49D0-A1DF-6A3D9A8FC2C2}"
EndProject
Project("{FAE04EC0-301F-11D3-BF4B-00C04F79EFBC}") = "TesteoConsola", "TesteoConsola\TesteoConsola.csproj", "{6E4122ED-4E99-48DB-8D37-37AA426998E6}"
EndProject
Project("{FAE04EC0-301F-11D3-BF4B-00C04F79EFBC}") = "UnitTestProject1", "C:\Users\alumno\Desktop\ClasesGenericas_2017_con_test_unitarios_starter\ClasesGenericas_2017_con_test_unitarios\UnitTestProject1\UnitTestProject1.csproj", "{E82031B2-E64A-49C2-ABAF-F565D0D53477}"
EndProject
Global
	GlobalSection(SolutionConfigurationPlatforms) = preSolution
		Debug|Any CPU = Debug|Any CPU
		Release|Any CPU = Release|Any CPU
	EndGlobalSection
	GlobalSection(ProjectConfigurationPlatforms) = postSolution
		{20D391F2-E745-49D0-A1DF-6A3D9A8FC2C2}.Debug|Any CPU.ActiveCfg = Debug|Any CPU
		{20D391F2-E745-49D0-A1DF-6A3D9A8FC2C2}.Debug|Any CPU.Build.0 = Debug|Any CPU
		{20D391F2-E745-49D0-A1DF-6A3D9A8FC2C2}.Release|Any CPU.ActiveCfg = Release|Any CPU
		{20D391F2-E745-49D0-A1DF-6A3D9A8FC2C2}.Release|Any CPU.Build.0 = Release|Any CPU
		{6E4122ED-4E99-48DB-8D37-37AA426998E6}.Debug|Any CPU.ActiveCfg = Debug|Any CPU
		{6E4122ED-4E99-48DB-8D37-37AA426998E6}.Debug|Any CPU.Build.0 = Debug|Any CPU
		{6E4122ED-4E99-48DB-8D37-37AA426998E6}.Release|Any CPU.ActiveCfg = Release|Any CPU
		{6E4122ED-4E99-48DB-8D37-37AA426998E6}.Release|Any CPU.Build.0 = Release|Any CPU
		{E82031B2-E64A-49C2-ABAF-F565D0D53477}.Debug|Any CPU.ActiveCfg = Debug|Any CPU
		{E82031B2-E64A-49C2-ABAF-F565D0D53477}.Debug|Any CPU.Build.0 = Debug|Any CPU
		{E82031B2-E64A-49C2-ABAF-F565D0D53477}.Release|Any CPU.ActiveCfg = Release|Any CPU
		{E82031B2-E64A-49C2-ABAF-F565D0D53477}.Release|Any CPU.Build.0 = Release|Any CPU
	EndGlobalSection
	GlobalSection(SolutionProperties) = preSolution
		HideSolutionNode = FALSE
	EndGlobalSection
EndGlobal
