
Microsoft Visual Studio Solution File, Format Version 12.00
# Visual Studio 2012
Project("{FAE04EC0-301F-11D3-BF4B-00C04F79EFBC}") = "Treceava Clase", "Treceava Clase\Treceava Clase.csproj", "{C72F0225-D489-495C-84B1-1F33F742EE9A}"
EndProject
Project("{FAE04EC0-301F-11D3-BF4B-00C04F79EFBC}") = "TesteoConsola", "TesteoConsola\TesteoConsola.csproj", "{87E67745-BF5D-41A6-98B6-85DB95D996D1}"
EndProject
Global
	GlobalSection(SolutionConfigurationPlatforms) = preSolution
		Debug|Any CPU = Debug|Any CPU
		Release|Any CPU = Release|Any CPU
	EndGlobalSection
	GlobalSection(ProjectConfigurationPlatforms) = postSolution
		{C72F0225-D489-495C-84B1-1F33F742EE9A}.Debug|Any CPU.ActiveCfg = Debug|Any CPU
		{C72F0225-D489-495C-84B1-1F33F742EE9A}.Debug|Any CPU.Build.0 = Debug|Any CPU
		{C72F0225-D489-495C-84B1-1F33F742EE9A}.Release|Any CPU.ActiveCfg = Release|Any CPU
		{C72F0225-D489-495C-84B1-1F33F742EE9A}.Release|Any CPU.Build.0 = Release|Any CPU
		{87E67745-BF5D-41A6-98B6-85DB95D996D1}.Debug|Any CPU.ActiveCfg = Debug|Any CPU
		{87E67745-BF5D-41A6-98B6-85DB95D996D1}.Debug|Any CPU.Build.0 = Debug|Any CPU
		{87E67745-BF5D-41A6-98B6-85DB95D996D1}.Release|Any CPU.ActiveCfg = Release|Any CPU
		{87E67745-BF5D-41A6-98B6-85DB95D996D1}.Release|Any CPU.Build.0 = Release|Any CPU
	EndGlobalSection
	GlobalSection(SolutionProperties) = preSolution
		HideSolutionNode = FALSE
	EndGlobalSection
EndGlobal
