
Microsoft Visual Studio Solution File, Format Version 12.00
# Visual Studio 2012
Project("{FAE04EC0-301F-11D3-BF4B-00C04F79EFBC}") = "Entidades", "Entidades\Entidades.csproj", "{881641CE-46ED-48F6-847A-2ABD6709A8EE}"
EndProject
Project("{FAE04EC0-301F-11D3-BF4B-00C04F79EFBC}") = "TesteoConsola", "TesteoConsola\TesteoConsola.csproj", "{6E28ABBC-853C-40BE-974F-FDA35896248D}"
EndProject
Global
	GlobalSection(SolutionConfigurationPlatforms) = preSolution
		Debug|Any CPU = Debug|Any CPU
		Release|Any CPU = Release|Any CPU
	EndGlobalSection
	GlobalSection(ProjectConfigurationPlatforms) = postSolution
		{881641CE-46ED-48F6-847A-2ABD6709A8EE}.Debug|Any CPU.ActiveCfg = Debug|Any CPU
		{881641CE-46ED-48F6-847A-2ABD6709A8EE}.Debug|Any CPU.Build.0 = Debug|Any CPU
		{881641CE-46ED-48F6-847A-2ABD6709A8EE}.Release|Any CPU.ActiveCfg = Release|Any CPU
		{881641CE-46ED-48F6-847A-2ABD6709A8EE}.Release|Any CPU.Build.0 = Release|Any CPU
		{6E28ABBC-853C-40BE-974F-FDA35896248D}.Debug|Any CPU.ActiveCfg = Debug|Any CPU
		{6E28ABBC-853C-40BE-974F-FDA35896248D}.Debug|Any CPU.Build.0 = Debug|Any CPU
		{6E28ABBC-853C-40BE-974F-FDA35896248D}.Release|Any CPU.ActiveCfg = Release|Any CPU
		{6E28ABBC-853C-40BE-974F-FDA35896248D}.Release|Any CPU.Build.0 = Release|Any CPU
	EndGlobalSection
	GlobalSection(SolutionProperties) = preSolution
		HideSolutionNode = FALSE
	EndGlobalSection
EndGlobal
