
Microsoft Visual Studio Solution File, Format Version 12.00
# Visual Studio 2012
Project("{FAE04EC0-301F-11D3-BF4B-00C04F79EFBC}") = "primerAplicacion", "primerAplicacion\primerAplicacion.csproj", "{E6F69C7D-23A6-4816-AC04-DC6CCF0C2678}"
EndProject
Project("{FAE04EC0-301F-11D3-BF4B-00C04F79EFBC}") = "segundaAplicacion", "segundaAplicacion\segundaAplicacion.csproj", "{2A05FEF3-6D5D-432F-BA18-23FAAF815E18}"
EndProject
Project("{FAE04EC0-301F-11D3-BF4B-00C04F79EFBC}") = "terceraAplicacion", "terceraAplicacion\terceraAplicacion.csproj", "{A2B1BA10-D91F-447F-9369-FCC40A5D5CD8}"
EndProject
Global
	GlobalSection(SolutionConfigurationPlatforms) = preSolution
		Debug|Any CPU = Debug|Any CPU
		Release|Any CPU = Release|Any CPU
	EndGlobalSection
	GlobalSection(ProjectConfigurationPlatforms) = postSolution
		{E6F69C7D-23A6-4816-AC04-DC6CCF0C2678}.Debug|Any CPU.ActiveCfg = Debug|Any CPU
		{E6F69C7D-23A6-4816-AC04-DC6CCF0C2678}.Debug|Any CPU.Build.0 = Debug|Any CPU
		{E6F69C7D-23A6-4816-AC04-DC6CCF0C2678}.Release|Any CPU.ActiveCfg = Release|Any CPU
		{E6F69C7D-23A6-4816-AC04-DC6CCF0C2678}.Release|Any CPU.Build.0 = Release|Any CPU
		{2A05FEF3-6D5D-432F-BA18-23FAAF815E18}.Debug|Any CPU.ActiveCfg = Debug|Any CPU
		{2A05FEF3-6D5D-432F-BA18-23FAAF815E18}.Debug|Any CPU.Build.0 = Debug|Any CPU
		{2A05FEF3-6D5D-432F-BA18-23FAAF815E18}.Release|Any CPU.ActiveCfg = Release|Any CPU
		{2A05FEF3-6D5D-432F-BA18-23FAAF815E18}.Release|Any CPU.Build.0 = Release|Any CPU
		{A2B1BA10-D91F-447F-9369-FCC40A5D5CD8}.Debug|Any CPU.ActiveCfg = Debug|Any CPU
		{A2B1BA10-D91F-447F-9369-FCC40A5D5CD8}.Debug|Any CPU.Build.0 = Debug|Any CPU
		{A2B1BA10-D91F-447F-9369-FCC40A5D5CD8}.Release|Any CPU.ActiveCfg = Release|Any CPU
		{A2B1BA10-D91F-447F-9369-FCC40A5D5CD8}.Release|Any CPU.Build.0 = Release|Any CPU
	EndGlobalSection
	GlobalSection(SolutionProperties) = preSolution
		HideSolutionNode = FALSE
	EndGlobalSection
EndGlobal
