
Microsoft Visual Studio Solution File, Format Version 12.00
# Visual Studio 15
VisualStudioVersion = 15.0.27004.2008
MinimumVisualStudioVersion = 10.0.40219.1
Project("{FAE04EC0-301F-11D3-BF4B-00C04F79EFBC}") = "Practica1", "Practica1\Practica1.csproj", "{18181BE9-0EB5-4E0D-B4AF-1049031DE17D}"
EndProject
Project("{FAE04EC0-301F-11D3-BF4B-00C04F79EFBC}") = "Entidades", "Entidades\Entidades.csproj", "{4D6193C5-5C2E-4E61-8A09-F742675B3624}"
EndProject
Global
	GlobalSection(SolutionConfigurationPlatforms) = preSolution
		Debug|Any CPU = Debug|Any CPU
		Release|Any CPU = Release|Any CPU
	EndGlobalSection
	GlobalSection(ProjectConfigurationPlatforms) = postSolution
		{18181BE9-0EB5-4E0D-B4AF-1049031DE17D}.Debug|Any CPU.ActiveCfg = Debug|Any CPU
		{18181BE9-0EB5-4E0D-B4AF-1049031DE17D}.Debug|Any CPU.Build.0 = Debug|Any CPU
		{18181BE9-0EB5-4E0D-B4AF-1049031DE17D}.Release|Any CPU.ActiveCfg = Release|Any CPU
		{18181BE9-0EB5-4E0D-B4AF-1049031DE17D}.Release|Any CPU.Build.0 = Release|Any CPU
		{4D6193C5-5C2E-4E61-8A09-F742675B3624}.Debug|Any CPU.ActiveCfg = Debug|Any CPU
		{4D6193C5-5C2E-4E61-8A09-F742675B3624}.Debug|Any CPU.Build.0 = Debug|Any CPU
		{4D6193C5-5C2E-4E61-8A09-F742675B3624}.Release|Any CPU.ActiveCfg = Release|Any CPU
		{4D6193C5-5C2E-4E61-8A09-F742675B3624}.Release|Any CPU.Build.0 = Release|Any CPU
	EndGlobalSection
	GlobalSection(SolutionProperties) = preSolution
		HideSolutionNode = FALSE
	EndGlobalSection
	GlobalSection(ExtensibilityGlobals) = postSolution
		SolutionGuid = {40FC9BEE-7129-49BC-8AD3-160ABD429610}
	EndGlobalSection
EndGlobal
