
Microsoft Visual Studio Solution File, Format Version 12.00
# Visual Studio 15
VisualStudioVersion = 15.0.26730.10
MinimumVisualStudioVersion = 10.0.40219.1
Project("{FAE04EC0-301F-11D3-BF4B-00C04F79EFBC}") = "Autos", "Autos\Autos.csproj", "{46EF58D7-31AD-4999-976A-07D0A125615A}"
EndProject
Global
	GlobalSection(SolutionConfigurationPlatforms) = preSolution
		Debug|Any CPU = Debug|Any CPU
		Release|Any CPU = Release|Any CPU
	EndGlobalSection
	GlobalSection(ProjectConfigurationPlatforms) = postSolution
		{46EF58D7-31AD-4999-976A-07D0A125615A}.Debug|Any CPU.ActiveCfg = Debug|Any CPU
		{46EF58D7-31AD-4999-976A-07D0A125615A}.Debug|Any CPU.Build.0 = Debug|Any CPU
		{46EF58D7-31AD-4999-976A-07D0A125615A}.Release|Any CPU.ActiveCfg = Release|Any CPU
		{46EF58D7-31AD-4999-976A-07D0A125615A}.Release|Any CPU.Build.0 = Release|Any CPU
	EndGlobalSection
	GlobalSection(SolutionProperties) = preSolution
		HideSolutionNode = FALSE
	EndGlobalSection
	GlobalSection(ExtensibilityGlobals) = postSolution
		SolutionGuid = {6F8CB513-A92E-4C4F-89DA-CA322C207D31}
	EndGlobalSection
EndGlobal
